
Microsoft Visual Studio Solution File, Format Version 12.00
# Visual Studio 2013
VisualStudioVersion = 12.0.21005.1
MinimumVisualStudioVersion = 10.0.40219.1
Project("{FAE04EC0-301F-11D3-BF4B-00C04F79EFBC}") = "CA3", "CA3\CA3.csproj", "{664C5ABC-A6D8-4819-9422-17B4BCE122A2}"
EndProject
Project("{FAE04EC0-301F-11D3-BF4B-00C04F79EFBC}") = "CA3.Tests", "CA3.Tests\CA3.Tests.csproj", "{C39BFA0F-398A-4994-98ED-6FF18B114398}"
EndProject
Global
	GlobalSection(SolutionConfigurationPlatforms) = preSolution
		Debug|Any CPU = Debug|Any CPU
		Release|Any CPU = Release|Any CPU
	EndGlobalSection
	GlobalSection(ProjectConfigurationPlatforms) = postSolution
		{664C5ABC-A6D8-4819-9422-17B4BCE122A2}.Debug|Any CPU.ActiveCfg = Debug|Any CPU
		{664C5ABC-A6D8-4819-9422-17B4BCE122A2}.Debug|Any CPU.Build.0 = Debug|Any CPU
		{664C5ABC-A6D8-4819-9422-17B4BCE122A2}.Release|Any CPU.ActiveCfg = Release|Any CPU
		{664C5ABC-A6D8-4819-9422-17B4BCE122A2}.Release|Any CPU.Build.0 = Release|Any CPU
		{C39BFA0F-398A-4994-98ED-6FF18B114398}.Debug|Any CPU.ActiveCfg = Debug|Any CPU
		{C39BFA0F-398A-4994-98ED-6FF18B114398}.Debug|Any CPU.Build.0 = Debug|Any CPU
		{C39BFA0F-398A-4994-98ED-6FF18B114398}.Release|Any CPU.ActiveCfg = Release|Any CPU
		{C39BFA0F-398A-4994-98ED-6FF18B114398}.Release|Any CPU.Build.0 = Release|Any CPU
	EndGlobalSection
	GlobalSection(SolutionProperties) = preSolution
		HideSolutionNode = FALSE
	EndGlobalSection
EndGlobal
